
Microsoft Visual Studio Solution File, Format Version 12.00
# Visual Studio 2012
Project("{FAE04EC0-301F-11D3-BF4B-00C04F79EFBC}") = "CDN", "CDN\CDN.csproj", "{7087AF46-AD6B-48E1-9B98-EC099EC4E569}"
EndProject
Project("{FAE04EC0-301F-11D3-BF4B-00C04F79EFBC}") = "Site1", "Site1\Site1.csproj", "{9C8AD59B-F065-42D2-A069-29D6DF5D432D}"
EndProject
Project("{FAE04EC0-301F-11D3-BF4B-00C04F79EFBC}") = "Site2", "Site2\Site2.csproj", "{1F14B0DA-6DDE-45A3-BF09-E780201E7A67}"
EndProject
Project("{2150E333-8FDC-42A3-9474-1A3956D46DE8}") = "CDN", "CDN", "{181C408B-A0F1-4CE8-90CF-2DB71C885B4C}"
EndProject
Project("{2150E333-8FDC-42A3-9474-1A3956D46DE8}") = "Sites", "Sites", "{B6BB2856-80CE-449A-9815-1A7992C80ECE}"
EndProject
Project("{2150E333-8FDC-42A3-9474-1A3956D46DE8}") = "Solution Items", "Solution Items", "{E270ABE7-07FE-4CD1-A09B-980058DB0A47}"
	ProjectSection(SolutionItems) = preProject
		WE-settings.xml = WE-settings.xml
	EndProjectSection
EndProject
Global
	GlobalSection(SolutionConfigurationPlatforms) = preSolution
		Debug|Any CPU = Debug|Any CPU
		Release|Any CPU = Release|Any CPU
	EndGlobalSection
	GlobalSection(ProjectConfigurationPlatforms) = postSolution
		{7087AF46-AD6B-48E1-9B98-EC099EC4E569}.Debug|Any CPU.ActiveCfg = Debug|Any CPU
		{7087AF46-AD6B-48E1-9B98-EC099EC4E569}.Debug|Any CPU.Build.0 = Debug|Any CPU
		{7087AF46-AD6B-48E1-9B98-EC099EC4E569}.Release|Any CPU.ActiveCfg = Release|Any CPU
		{7087AF46-AD6B-48E1-9B98-EC099EC4E569}.Release|Any CPU.Build.0 = Release|Any CPU
		{9C8AD59B-F065-42D2-A069-29D6DF5D432D}.Debug|Any CPU.ActiveCfg = Debug|Any CPU
		{9C8AD59B-F065-42D2-A069-29D6DF5D432D}.Debug|Any CPU.Build.0 = Debug|Any CPU
		{9C8AD59B-F065-42D2-A069-29D6DF5D432D}.Release|Any CPU.ActiveCfg = Release|Any CPU
		{9C8AD59B-F065-42D2-A069-29D6DF5D432D}.Release|Any CPU.Build.0 = Release|Any CPU
		{1F14B0DA-6DDE-45A3-BF09-E780201E7A67}.Debug|Any CPU.ActiveCfg = Debug|Any CPU
		{1F14B0DA-6DDE-45A3-BF09-E780201E7A67}.Debug|Any CPU.Build.0 = Debug|Any CPU
		{1F14B0DA-6DDE-45A3-BF09-E780201E7A67}.Release|Any CPU.ActiveCfg = Release|Any CPU
		{1F14B0DA-6DDE-45A3-BF09-E780201E7A67}.Release|Any CPU.Build.0 = Release|Any CPU
	EndGlobalSection
	GlobalSection(SolutionProperties) = preSolution
		HideSolutionNode = FALSE
	EndGlobalSection
	GlobalSection(NestedProjects) = preSolution
		{7087AF46-AD6B-48E1-9B98-EC099EC4E569} = {181C408B-A0F1-4CE8-90CF-2DB71C885B4C}
		{9C8AD59B-F065-42D2-A069-29D6DF5D432D} = {B6BB2856-80CE-449A-9815-1A7992C80ECE}
		{1F14B0DA-6DDE-45A3-BF09-E780201E7A67} = {B6BB2856-80CE-449A-9815-1A7992C80ECE}
	EndGlobalSection
EndGlobal
